// !$*UTF8*$!
{
	archiveVersion = 1;
	classes = {
	};
	objectVersion = 55;
	objects = {

/* Begin PBXBuildFile section */
		D064E7A22872D3EC00DDD4B9 /* Defining_and_Calling_FunctionsApp.swift in Sources */ = {isa = PBXBuildFile; fileRef = D064E7A12872D3EC00DDD4B9 /* Defining_and_Calling_FunctionsApp.swift */; };
		D064E7A42872D3EC00DDD4B9 /* ContentView.swift in Sources */ = {isa = PBXBuildFile; fileRef = D064E7A32872D3EC00DDD4B9 /* ContentView.swift */; };
		D064E7A62872D3ED00DDD4B9 /* Assets.xcassets in Resources */ = {isa = PBXBuildFile; fileRef = D064E7A52872D3ED00DDD4B9 /* Assets.xcassets */; };
		D064E7A92872D3ED00DDD4B9 /* Preview Assets.xcassets in Resources */ = {isa = PBXBuildFile; fileRef = D064E7A82872D3ED00DDD4B9 /* Preview Assets.xcassets */; };
		D064E7B42872D3ED00DDD4B9 /* Defining_and_Calling_FunctionsTests.swift in Sources */ = {isa = PBXBuildFile; fileRef = D064E7B32872D3ED00DDD4B9 /* Defining_and_Calling_FunctionsTests.swift */; };
		D064E7BE2872D3ED00DDD4B9 /* Defining_and_Calling_FunctionsUITests.swift in Sources */ = {isa = PBXBuildFile; fileRef = D064E7BD2872D3ED00DDD4B9 /* Defining_and_Calling_FunctionsUITests.swift */; };
		D064E7C02872D3ED00DDD4B9 /* Defining_and_Calling_FunctionsUITestsLaunchTests.swift in Sources */ = {isa = PBXBuildFile; fileRef = D064E7BF2872D3ED00DDD4B9 /* Defining_and_Calling_FunctionsUITestsLaunchTests.swift */; };
/* End PBXBuildFile section */

/* Begin PBXContainerItemProxy section */
		D064E7B02872D3ED00DDD4B9 /* PBXContainerItemProxy */ = {
			isa = PBXContainerItemProxy;
			containerPortal = D064E7962872D3EC00DDD4B9 /* Project object */;
			proxyType = 1;
			remoteGlobalIDString = D064E79D2872D3EC00DDD4B9;
			remoteInfo = "Defining and Calling Functions";
		};
		D064E7BA2872D3ED00DDD4B9 /* PBXContainerItemProxy */ = {
			isa = PBXContainerItemProxy;
			containerPortal = D064E7962872D3EC00DDD4B9 /* Project object */;
			proxyType = 1;
			remoteGlobalIDString = D064E79D2872D3EC00DDD4B9;
			remoteInfo = "Defining and Calling Functions";
		};
/* End PBXContainerItemProxy section */

/* Begin PBXFileReference section */
		D064E79E2872D3EC00DDD4B9 /* Defining and Calling Functions.app */ = {isa = PBXFileReference; explicitFileType = wrapper.application; includeInIndex = 0; path = "Defining and Calling Functions.app"; sourceTree = BUILT_PRODUCTS_DIR; };
		D064E7A12872D3EC00DDD4B9 /* Defining_and_Calling_FunctionsApp.swift */ = {isa = PBXFileReference; lastKnownFileType = sourcecode.swift; path = Defining_and_Calling_FunctionsApp.swift; sourceTree = "<group>"; };
		D064E7A32872D3EC00DDD4B9 /* ContentView.swift */ = {isa = PBXFileReference; lastKnownFileType = sourcecode.swift; path = ContentView.swift; sourceTree = "<group>"; };
		D064E7A52872D3ED00DDD4B9 /* Assets.xcassets */ = {isa = PBXFileReference; lastKnownFileType = folder.assetcatalog; path = Assets.xcassets; sourceTree = "<group>"; };
		D064E7A82872D3ED00DDD4B9 /* Preview Assets.xcassets */ = {isa = PBXFileReference; lastKnownFileType = folder.assetcatalog; path = "Preview Assets.xcassets"; sourceTree = "<group>"; };
		D064E7AA2872D3ED00DDD4B9 /* Defining_and_Calling_Functions.entitlements */ = {isa = PBXFileReference; lastKnownFileType = text.plist.entitlements; path = Defining_and_Calling_Functions.entitlements; sourceTree = "<group>"; };
		D064E7AF2872D3ED00DDD4B9 /* Defining and Calling FunctionsTests.xctest */ = {isa = PBXFileReference; explicitFileType = wrapper.cfbundle; includeInIndex = 0; path = "Defining and Calling FunctionsTests.xctest"; sourceTree = BUILT_PRODUCTS_DIR; };
		D064E7B32872D3ED00DDD4B9 /* Defining_and_Calling_FunctionsTests.swift */ = {isa = PBXFileReference; lastKnownFileType = sourcecode.swift; path = Defining_and_Calling_FunctionsTests.swift; sourceTree = "<group>"; };
		D064E7B92872D3ED00DDD4B9 /* Defining and Calling FunctionsUITests.xctest */ = {isa = PBXFileReference; explicitFileType = wrapper.cfbundle; includeInIndex = 0; path = "Defining and Calling FunctionsUITests.xctest"; sourceTree = BUILT_PRODUCTS_DIR; };
		D064E7BD2872D3ED00DDD4B9 /* Defining_and_Calling_FunctionsUITests.swift */ = {isa = PBXFileReference; lastKnownFileType = sourcecode.swift; path = Defining_and_Calling_FunctionsUITests.swift; sourceTree = "<group>"; };
		D064E7BF2872D3ED00DDD4B9 /* Defining_and_Calling_FunctionsUITestsLaunchTests.swift */ = {isa = PBXFileReference; lastKnownFileType = sourcecode.swift; path = Defining_and_Calling_FunctionsUITestsLaunchTests.swift; sourceTree = "<group>"; };
/* End PBXFileReference section */

/* Begin PBXFrameworksBuildPhase section */
		D064E79B2872D3EC00DDD4B9 /* Frameworks */ = {
			isa = PBXFrameworksBuildPhase;
			buildActionMask = 2147483647;
			files = (
			);
			runOnlyForDeploymentPostprocessing = 0;
		};
		D064E7AC2872D3ED00DDD4B9 /* Frameworks */ = {
			isa = PBXFrameworksBuildPhase;
			buildActionMask = 2147483647;
			files = (
			);
			runOnlyForDeploymentPostprocessing = 0;
		};
		D064E7B62872D3ED00DDD4B9 /* Frameworks */ = {
			isa = PBXFrameworksBuildPhase;
			buildActionMask = 2147483647;
			files = (
			);
			runOnlyForDeploymentPostprocessing = 0;
		};
/* End PBXFrameworksBuildPhase section */

/* Begin PBXGroup section */
		D064E7952872D3EC00DDD4B9 = {
			isa = PBXGroup;
			children = (
				D064E7A02872D3EC00DDD4B9 /* Defining and Calling Functions */,
				D064E7B22872D3ED00DDD4B9 /* Defining and Calling FunctionsTests */,
				D064E7BC2872D3ED00DDD4B9 /* Defining and Calling FunctionsUITests */,
				D064E79F2872D3EC00DDD4B9 /* Products */,
			);
			sourceTree = "<group>";
		};
		D064E79F2872D3EC00DDD4B9 /* Products */ = {
			isa = PBXGroup;
			children = (
				D064E79E2872D3EC00DDD4B9 /* Defining and Calling Functions.app */,
				D064E7AF2872D3ED00DDD4B9 /* Defining and Calling FunctionsTests.xctest */,
				D064E7B92872D3ED00DDD4B9 /* Defining and Calling FunctionsUITests.xctest */,
			);
			name = Products;
			sourceTree = "<group>";
		};
		D064E7A02872D3EC00DDD4B9 /* Defining and Calling Functions */ = {
			isa = PBXGroup;
			children = (
				D064E7A12872D3EC00DDD4B9 /* Defining_and_Calling_FunctionsApp.swift */,
				D064E7A32872D3EC00DDD4B9 /* ContentView.swift */,
				D064E7A52872D3ED00DDD4B9 /* Assets.xcassets */,
				D064E7AA2872D3ED00DDD4B9 /* Defining_and_Calling_Functions.entitlements */,
				D064E7A72872D3ED00DDD4B9 /* Preview Content */,
			);
			path = "Defining and Calling Functions";
			sourceTree = "<group>";
		};
		D064E7A72872D3ED00DDD4B9 /* Preview Content */ = {
			isa = PBXGroup;
			children = (
				D064E7A82872D3ED00DDD4B9 /* Preview Assets.xcassets */,
			);
			path = "Preview Content";
			sourceTree = "<group>";
		};
		D064E7B22872D3ED00DDD4B9 /* Defining and Calling FunctionsTests */ = {
			isa = PBXGroup;
			children = (
				D064E7B32872D3ED00DDD4B9 /* Defining_and_Calling_FunctionsTests.swift */,
			);
			path = "Defining and Calling FunctionsTests";
			sourceTree = "<group>";
		};
		D064E7BC2872D3ED00DDD4B9 /* Defining and Calling FunctionsUITests */ = {
			isa = PBXGroup;
			children = (
				D064E7BD2872D3ED00DDD4B9 /* Defining_and_Calling_FunctionsUITests.swift */,
				D064E7BF2872D3ED00DDD4B9 /* Defining_and_Calling_FunctionsUITestsLaunchTests.swift */,
			);
			path = "Defining and Calling FunctionsUITests";
			sourceTree = "<group>";
		};
/* End PBXGroup section */

/* Begin PBXNativeTarget section */
		D064E79D2872D3EC00DDD4B9 /* Defining and Calling Functions */ = {
			isa = PBXNativeTarget;
			buildConfigurationList = D064E7C32872D3ED00DDD4B9 /* Build configuration list for PBXNativeTarget "Defining and Calling Functions" */;
			buildPhases = (
				D064E79A2872D3EC00DDD4B9 /* Sources */,
				D064E79B2872D3EC00DDD4B9 /* Frameworks */,
				D064E79C2872D3EC00DDD4B9 /* Resources */,
			);
			buildRules = (
			);
			dependencies = (
			);
			name = "Defining and Calling Functions";
			productName = "Defining and Calling Functions";
			productReference = D064E79E2872D3EC00DDD4B9 /* Defining and Calling Functions.app */;
			productType = "com.apple.product-type.application";
		};
		D064E7AE2872D3ED00DDD4B9 /* Defining and Calling FunctionsTests */ = {
			isa = PBXNativeTarget;
			buildConfigurationList = D064E7C62872D3ED00DDD4B9 /* Build configuration list for PBXNativeTarget "Defining and Calling FunctionsTests" */;
			buildPhases = (
				D064E7AB2872D3ED00DDD4B9 /* Sources */,
				D064E7AC2872D3ED00DDD4B9 /* Frameworks */,
				D064E7AD2872D3ED00DDD4B9 /* Resources */,
			);
			buildRules = (
			);
			dependencies = (
				D064E7B12872D3ED00DDD4B9 /* PBXTargetDependency */,
			);
			name = "Defining and Calling FunctionsTests";
			productName = "Defining and Calling FunctionsTests";
			productReference = D064E7AF2872D3ED00DDD4B9 /* Defining and Calling FunctionsTests.xctest */;
			productType = "com.apple.product-type.bundle.unit-test";
		};
		D064E7B82872D3ED00DDD4B9 /* Defining and Calling FunctionsUITests */ = {
			isa = PBXNativeTarget;
			buildConfigurationList = D064E7C92872D3ED00DDD4B9 /* Build configuration list for PBXNativeTarget "Defining and Calling FunctionsUITests" */;
			buildPhases = (
				D064E7B52872D3ED00DDD4B9 /* Sources */,
				D064E7B62872D3ED00DDD4B9 /* Frameworks */,
				D064E7B72872D3ED00DDD4B9 /* Resources */,
			);
			buildRules = (
			);
			dependencies = (
				D064E7BB2872D3ED00DDD4B9 /* PBXTargetDependency */,
			);
			name = "Defining and Calling FunctionsUITests";
			productName = "Defining and Calling FunctionsUITests";
			productReference = D064E7B92872D3ED00DDD4B9 /* Defining and Calling FunctionsUITests.xctest */;
			productType = "com.apple.product-type.bundle.ui-testing";
		};
/* End PBXNativeTarget section */

/* Begin PBXProject section */
		D064E7962872D3EC00DDD4B9 /* Project object */ = {
			isa = PBXProject;
			attributes = {
				BuildIndependentTargetsInParallel = 1;
				LastSwiftUpdateCheck = 1340;
				LastUpgradeCheck = 1340;
				TargetAttributes = {
					D064E79D2872D3EC00DDD4B9 = {
						CreatedOnToolsVersion = 13.4.1;
					};
					D064E7AE2872D3ED00DDD4B9 = {
						CreatedOnToolsVersion = 13.4.1;
						TestTargetID = D064E79D2872D3EC00DDD4B9;
					};
					D064E7B82872D3ED00DDD4B9 = {
						CreatedOnToolsVersion = 13.4.1;
						TestTargetID = D064E79D2872D3EC00DDD4B9;
					};
				};
			};
			buildConfigurationList = D064E7992872D3EC00DDD4B9 /* Build configuration list for PBXProject "Defining and Calling Functions" */;
			compatibilityVersion = "Xcode 13.0";
			developmentRegion = en;
			hasScannedForEncodings = 0;
			knownRegions = (
				en,
				Base,
			);
			mainGroup = D064E7952872D3EC00DDD4B9;
			productRefGroup = D064E79F2872D3EC00DDD4B9 /* Products */;
			projectDirPath = "";
			projectRoot = "";
			targets = (
				D064E79D2872D3EC00DDD4B9 /* Defining and Calling Functions */,
				D064E7AE2872D3ED00DDD4B9 /* Defining and Calling FunctionsTests */,
				D064E7B82872D3ED00DDD4B9 /* Defining and Calling FunctionsUITests */,
			);
		};
/* End PBXProject section */

/* Begin PBXResourcesBuildPhase section */
		D064E79C2872D3EC00DDD4B9 /* Resources */ = {
			isa = PBXResourcesBuildPhase;
			buildActionMask = 2147483647;
			files = (
				D064E7A92872D3ED00DDD4B9 /* Preview Assets.xcassets in Resources */,
				D064E7A62872D3ED00DDD4B9 /* Assets.xcassets in Resources */,
			);
			runOnlyForDeploymentPostprocessing = 0;
		};
		D064E7AD2872D3ED00DDD4B9 /* Resources */ = {
			isa = PBXResourcesBuildPhase;
			buildActionMask = 2147483647;
			files = (
			);
			runOnlyForDeploymentPostprocessing = 0;
		};
		D064E7B72872D3ED00DDD4B9 /* Resources */ = {
			isa = PBXResourcesBuildPhase;
			buildActionMask = 2147483647;
			files = (
			);
			runOnlyForDeploymentPostprocessing = 0;
		};
/* End PBXResourcesBuildPhase section */

/* Begin PBXSourcesBuildPhase section */
		D064E79A2872D3EC00DDD4B9 /* Sources */ = {
			isa = PBXSourcesBuildPhase;
			buildActionMask = 2147483647;
			files = (
				D064E7A42872D3EC00DDD4B9 /* ContentView.swift in Sources */,
				D064E7A22872D3EC00DDD4B9 /* Defining_and_Calling_FunctionsApp.swift in Sources */,
			);
			runOnlyForDeploymentPostprocessing = 0;
		};
		D064E7AB2872D3ED00DDD4B9 /* Sources */ = {
			isa = PBXSourcesBuildPhase;
			buildActionMask = 2147483647;
			files = (
				D064E7B42872D3ED00DDD4B9 /* Defining_and_Calling_FunctionsTests.swift in Sources */,
			);
			runOnlyForDeploymentPostprocessing = 0;
		};
		D064E7B52872D3ED00DDD4B9 /* Sources */ = {
			isa = PBXSourcesBuildPhase;
			buildActionMask = 2147483647;
			files = (
				D064E7BE2872D3ED00DDD4B9 /* Defining_and_Calling_FunctionsUITests.swift in Sources */,
				D064E7C02872D3ED00DDD4B9 /* Defining_and_Calling_FunctionsUITestsLaunchTests.swift in Sources */,
			);
			runOnlyForDeploymentPostprocessing = 0;
		};
/* End PBXSourcesBuildPhase section */

/* Begin PBXTargetDependency section */
		D064E7B12872D3ED00DDD4B9 /* PBXTargetDependency */ = {
			isa = PBXTargetDependency;
			target = D064E79D2872D3EC00DDD4B9 /* Defining and Calling Functions */;
			targetProxy = D064E7B02872D3ED00DDD4B9 /* PBXContainerItemProxy */;
		};
		D064E7BB2872D3ED00DDD4B9 /* PBXTargetDependency */ = {
			isa = PBXTargetDependency;
			target = D064E79D2872D3EC00DDD4B9 /* Defining and Calling Functions */;
			targetProxy = D064E7BA2872D3ED00DDD4B9 /* PBXContainerItemProxy */;
		};
/* End PBXTargetDependency section */

/* Begin XCBuildConfiguration section */
		D064E7C12872D3ED00DDD4B9 /* Debug */ = {
			isa = XCBuildConfiguration;
			buildSettings = {
				ALWAYS_SEARCH_USER_PATHS = NO;
				CLANG_ANALYZER_NONNULL = YES;
				CLANG_ANALYZER_NUMBER_OBJECT_CONVERSION = YES_AGGRESSIVE;
				CLANG_CXX_LANGUAGE_STANDARD = "gnu++17";
				CLANG_ENABLE_MODULES = YES;
				CLANG_ENABLE_OBJC_ARC = YES;
				CLANG_ENABLE_OBJC_WEAK = YES;
				CLANG_WARN_BLOCK_CAPTURE_AUTORELEASING = YES;
				CLANG_WARN_BOOL_CONVERSION = YES;
				CLANG_WARN_COMMA = YES;
				CLANG_WARN_CONSTANT_CONVERSION = YES;
				CLANG_WARN_DEPRECATED_OBJC_IMPLEMENTATIONS = YES;
				CLANG_WARN_DIRECT_OBJC_ISA_USAGE = YES_ERROR;
				CLANG_WARN_DOCUMENTATION_COMMENTS = YES;
				CLANG_WARN_EMPTY_BODY = YES;
				CLANG_WARN_ENUM_CONVERSION = YES;
				CLANG_WARN_INFINITE_RECURSION = YES;
				CLANG_WARN_INT_CONVERSION = YES;
				CLANG_WARN_NON_LITERAL_NULL_CONVERSION = YES;
				CLANG_WARN_OBJC_IMPLICIT_RETAIN_SELF = YES;
				CLANG_WARN_OBJC_LITERAL_CONVERSION = YES;
				CLANG_WARN_OBJC_ROOT_CLASS = YES_ERROR;
				CLANG_WARN_QUOTED_INCLUDE_IN_FRAMEWORK_HEADER = YES;
				CLANG_WARN_RANGE_LOOP_ANALYSIS = YES;
				CLANG_WARN_STRICT_PROTOTYPES = YES;
				CLANG_WARN_SUSPICIOUS_MOVE = YES;
				CLANG_WARN_UNGUARDED_AVAILABILITY = YES_AGGRESSIVE;
				CLANG_WARN_UNREACHABLE_CODE = YES;
				CLANG_WARN__DUPLICATE_METHOD_MATCH = YES;
				COPY_PHASE_STRIP = NO;
				DEBUG_INFORMATION_FORMAT = dwarf;
				ENABLE_STRICT_OBJC_MSGSEND = YES;
				ENABLE_TESTABILITY = YES;
				GCC_C_LANGUAGE_STANDARD = gnu11;
				GCC_DYNAMIC_NO_PIC = NO;
				GCC_NO_COMMON_BLOCKS = YES;
				GCC_OPTIMIZATION_LEVEL = 0;
				GCC_PREPROCESSOR_DEFINITIONS = (
					"DEBUG=1",
					"$(inherited)",
				);
				GCC_WARN_64_TO_32_BIT_CONVERSION = YES;
				GCC_WARN_ABOUT_RETURN_TYPE = YES_ERROR;
				GCC_WARN_UNDECLARED_SELECTOR = YES;
				GCC_WARN_UNINITIALIZED_AUTOS = YES_AGGRESSIVE;
				GCC_WARN_UNUSED_FUNCTION = YES;
				GCC_WARN_UNUSED_VARIABLE = YES;
				MACOSX_DEPLOYMENT_TARGET = 12.3;
				MTL_ENABLE_DEBUG_INFO = INCLUDE_SOURCE;
				MTL_FAST_MATH = YES;
				ONLY_ACTIVE_ARCH = YES;
				SDKROOT = macosx;
				SWIFT_ACTIVE_COMPILATION_CONDITIONS = DEBUG;
				SWIFT_OPTIMIZATION_LEVEL = "-Onone";
			};
			name = Debug;
		};
		D064E7C22872D3ED00DDD4B9 /* Release */ = {
			isa = XCBuildConfiguration;
			buildSettings = {
				ALWAYS_SEARCH_USER_PATHS = NO;
				CLANG_ANALYZER_NONNULL = YES;
				CLANG_ANALYZER_NUMBER_OBJECT_CONVERSION = YES_AGGRESSIVE;
				CLANG_CXX_LANGUAGE_STANDARD = "gnu++17";
				CLANG_ENABLE_MODULES = YES;
				CLANG_ENABLE_OBJC_ARC = YES;
				CLANG_ENABLE_OBJC_WEAK = YES;
				CLANG_WARN_BLOCK_CAPTURE_AUTORELEASING = YES;
				CLANG_WARN_BOOL_CONVERSION = YES;
				CLANG_WARN_COMMA = YES;
				CLANG_WARN_CONSTANT_CONVERSION = YES;
				CLANG_WARN_DEPRECATED_OBJC_IMPLEMENTATIONS = YES;
				CLANG_WARN_DIRECT_OBJC_ISA_USAGE = YES_ERROR;
				CLANG_WARN_DOCUMENTATION_COMMENTS = YES;
				CLANG_WARN_EMPTY_BODY = YES;
				CLANG_WARN_ENUM_CONVERSION = YES;
				CLANG_WARN_INFINITE_RECURSION = YES;
				CLANG_WARN_INT_CONVERSION = YES;
				CLANG_WARN_NON_LITERAL_NULL_CONVERSION = YES;
				CLANG_WARN_OBJC_IMPLICIT_RETAIN_SELF = YES;
				CLANG_WARN_OBJC_LITERAL_CONVERSION = YES;
				CLANG_WARN_OBJC_ROOT_CLASS = YES_ERROR;
				CLANG_WARN_QUOTED_INCLUDE_IN_FRAMEWORK_HEADER = YES;
				CLANG_WARN_RANGE_LOOP_ANALYSIS = YES;
				CLANG_WARN_STRICT_PROTOTYPES = YES;
				CLANG_WARN_SUSPICIOUS_MOVE = YES;
				CLANG_WARN_UNGUARDED_AVAILABILITY = YES_AGGRESSIVE;
				CLANG_WARN_UNREACHABLE_CODE = YES;
				CLANG_WARN__DUPLICATE_METHOD_MATCH = YES;
				COPY_PHASE_STRIP = NO;
				DEBUG_INFORMATION_FORMAT = "dwarf-with-dsym";
				ENABLE_NS_ASSERTIONS = NO;
				ENABLE_STRICT_OBJC_MSGSEND = YES;
				GCC_C_LANGUAGE_STANDARD = gnu11;
				GCC_NO_COMMON_BLOCKS = YES;
				GCC_WARN_64_TO_32_BIT_CONVERSION = YES;
				GCC_WARN_ABOUT_RETURN_TYPE = YES_ERROR;
				GCC_WARN_UNDECLARED_SELECTOR = YES;
				GCC_WARN_UNINITIALIZED_AUTOS = YES_AGGRESSIVE;
				GCC_WARN_UNUSED_FUNCTION = YES;
				GCC_WARN_UNUSED_VARIABLE = YES;
				MACOSX_DEPLOYMENT_TARGET = 12.3;
				MTL_ENABLE_DEBUG_INFO = NO;
				MTL_FAST_MATH = YES;
				SDKROOT = macosx;
				SWIFT_COMPILATION_MODE = wholemodule;
				SWIFT_OPTIMIZATION_LEVEL = "-O";
			};
			name = Release;
		};
		D064E7C42872D3ED00DDD4B9 /* Debug */ = {
			isa = XCBuildConfiguration;
			buildSettings = {
				ASSETCATALOG_COMPILER_APPICON_NAME = AppIcon;
				ASSETCATALOG_COMPILER_GLOBAL_ACCENT_COLOR_NAME = AccentColor;
				CODE_SIGN_ENTITLEMENTS = "Defining and Calling Functions/Defining_and_Calling_Functions.entitlements";
				CODE_SIGN_STYLE = Automatic;
				COMBINE_HIDPI_IMAGES = YES;
				CURRENT_PROJECT_VERSION = 1;
				DEVELOPMENT_ASSET_PATHS = "\"Defining and Calling Functions/Preview Content\"";
				ENABLE_PREVIEWS = YES;
				GENERATE_INFOPLIST_FILE = YES;
				INFOPLIST_KEY_NSHumanReadableCopyright = "";
				LD_RUNPATH_SEARCH_PATHS = (
					"$(inherited)",
					"@executable_path/../Frameworks",
				);
				MARKETING_VERSION = 1.0;
				PRODUCT_BUNDLE_IDENTIFIER = "int.Defining-and-Calling-Functions";
				PRODUCT_NAME = "$(TARGET_NAME)";
				SWIFT_EMIT_LOC_STRINGS = YES;
				SWIFT_VERSION = 5.0;
			};
			name = Debug;
		};
		D064E7C52872D3ED00DDD4B9 /* Release */ = {
			isa = XCBuildConfiguration;
			buildSettings = {
				ASSETCATALOG_COMPILER_APPICON_NAME = AppIcon;
				ASSETCATALOG_COMPILER_GLOBAL_ACCENT_COLOR_NAME = AccentColor;
				CODE_SIGN_ENTITLEMENTS = "Defining and Calling Functions/Defining_and_Calling_Functions.entitlements";
				CODE_SIGN_STYLE = Automatic;
				COMBINE_HIDPI_IMAGES = YES;
				CURRENT_PROJECT_VERSION = 1;
				DEVELOPMENT_ASSET_PATHS = "\"Defining and Calling Functions/Preview Content\"";
				ENABLE_PREVIEWS = YES;
				GENERATE_INFOPLIST_FILE = YES;
				INFOPLIST_KEY_NSHumanReadableCopyright = "";
				LD_RUNPATH_SEARCH_PATHS = (
					"$(inherited)",
					"@executable_path/../Frameworks",
				);
				MARKETING_VERSION = 1.0;
				PRODUCT_BUNDLE_IDENTIFIER = "int.Defining-and-Calling-Functions";
				PRODUCT_NAME = "$(TARGET_NAME)";
				SWIFT_EMIT_LOC_STRINGS = YES;
				SWIFT_VERSION = 5.0;
			};
			name = Release;
		};
		D064E7C72872D3ED00DDD4B9 /* Debug */ = {
			isa = XCBuildConfiguration;
			buildSettings = {
				ALWAYS_EMBED_SWIFT_STANDARD_LIBRARIES = YES;
				BUNDLE_LOADER = "$(TEST_HOST)";
				CODE_SIGN_STYLE = Automatic;
				CURRENT_PROJECT_VERSION = 1;
				GENERATE_INFOPLIST_FILE = YES;
				MACOSX_DEPLOYMENT_TARGET = 12.3;
				MARKETING_VERSION = 1.0;
				PRODUCT_BUNDLE_IDENTIFIER = "int.Defining-and-Calling-FunctionsTests";
				PRODUCT_NAME = "$(TARGET_NAME)";
				SWIFT_EMIT_LOC_STRINGS = NO;
				SWIFT_VERSION = 5.0;
				TEST_HOST = "$(BUILT_PRODUCTS_DIR)/Defining and Calling Functions.app/Contents/MacOS/Defining and Calling Functions";
			};
			name = Debug;
		};
		D064E7C82872D3ED00DDD4B9 /* Release */ = {
			isa = XCBuildConfiguration;
			buildSettings = {
				ALWAYS_EMBED_SWIFT_STANDARD_LIBRARIES = YES;
				BUNDLE_LOADER = "$(TEST_HOST)";
				CODE_SIGN_STYLE = Automatic;
				CURRENT_PROJECT_VERSION = 1;
				GENERATE_INFOPLIST_FILE = YES;
				MACOSX_DEPLOYMENT_TARGET = 12.3;
				MARKETING_VERSION = 1.0;
				PRODUCT_BUNDLE_IDENTIFIER = "int.Defining-and-Calling-FunctionsTests";
				PRODUCT_NAME = "$(TARGET_NAME)";
				SWIFT_EMIT_LOC_STRINGS = NO;
				SWIFT_VERSION = 5.0;
				TEST_HOST = "$(BUILT_PRODUCTS_DIR)/Defining and Calling Functions.app/Contents/MacOS/Defining and Calling Functions";
			};
			name = Release;
		};
		D064E7CA2872D3ED00DDD4B9 /* Debug */ = {
			isa = XCBuildConfiguration;
			buildSettings = {
				ALWAYS_EMBED_SWIFT_STANDARD_LIBRARIES = YES;
				CODE_SIGN_STYLE = Automatic;
				CURRENT_PROJECT_VERSION = 1;
				GENERATE_INFOPLIST_FILE = YES;
				MARKETING_VERSION = 1.0;
				PRODUCT_BUNDLE_IDENTIFIER = "int.Defining-and-Calling-FunctionsUITests";
				PRODUCT_NAME = "$(TARGET_NAME)";
				SWIFT_EMIT_LOC_STRINGS = NO;
				SWIFT_VERSION = 5.0;
				TEST_TARGET_NAME = "Defining and Calling Functions";
			};
			name = Debug;
		};
		D064E7CB2872D3ED00DDD4B9 /* Release */ = {
			isa = XCBuildConfiguration;
			buildSettings = {
				ALWAYS_EMBED_SWIFT_STANDARD_LIBRARIES = YES;
				CODE_SIGN_STYLE = Automatic;
				CURRENT_PROJECT_VERSION = 1;
				GENERATE_INFOPLIST_FILE = YES;
				MARKETING_VERSION = 1.0;
				PRODUCT_BUNDLE_IDENTIFIER = "int.Defining-and-Calling-FunctionsUITests";
				PRODUCT_NAME = "$(TARGET_NAME)";
				SWIFT_EMIT_LOC_STRINGS = NO;
				SWIFT_VERSION = 5.0;
				TEST_TARGET_NAME = "Defining and Calling Functions";
			};
			name = Release;
		};
/* End XCBuildConfiguration section */

/* Begin XCConfigurationList section */
		D064E7992872D3EC00DDD4B9 /* Build configuration list for PBXProject "Defining and Calling Functions" */ = {
			isa = XCConfigurationList;
			buildConfigurations = (
				D064E7C12872D3ED00DDD4B9 /* Debug */,
				D064E7C22872D3ED00DDD4B9 /* Release */,
			);
			defaultConfigurationIsVisible = 0;
			defaultConfigurationName = Release;
		};
		D064E7C32872D3ED00DDD4B9 /* Build configuration list for PBXNativeTarget "Defining and Calling Functions" */ = {
			isa = XCConfigurationList;
			buildConfigurations = (
				D064E7C42872D3ED00DDD4B9 /* Debug */,
				D064E7C52872D3ED00DDD4B9 /* Release */,
			);
			defaultConfigurationIsVisible = 0;
			defaultConfigurationName = Release;
		};
		D064E7C62872D3ED00DDD4B9 /* Build configuration list for PBXNativeTarget "Defining and Calling FunctionsTests" */ = {
			isa = XCConfigurationList;
			buildConfigurations = (
				D064E7C72872D3ED00DDD4B9 /* Debug */,
				D064E7C82872D3ED00DDD4B9 /* Release */,
			);
			defaultConfigurationIsVisible = 0;
			defaultConfigurationName = Release;
		};
		D064E7C92872D3ED00DDD4B9 /* Build configuration list for PBXNativeTarget "Defining and Calling FunctionsUITests" */ = {
			isa = XCConfigurationList;
			buildConfigurations = (
				D064E7CA2872D3ED00DDD4B9 /* Debug */,
				D064E7CB2872D3ED00DDD4B9 /* Release */,
			);
			defaultConfigurationIsVisible = 0;
			defaultConfigurationName = Release;
		};
/* End XCConfigurationList section */
	};
	rootObject = D064E7962872D3EC00DDD4B9 /* Project object */;
}
